Microsoft Visual Studio Solution File, Format Version 12.00
# Visual Studio 15
VisualStudioVersion = 15.0.26124.0
MinimumVisualStudioVersion = 15.0.26124.0
Project("{FAE04EC0-301F-11D3-BF4B-00C04F79EFBC}") = "Core", "WetHands.Core\Core.csproj", "{A2897500-46F1-4388-A8AD-908323F29C74}"
EndProject
Project("{FAE04EC0-301F-11D3-BF4B-00C04F79EFBC}") = "Infrastructure", "WetHands.Infrastructure\Infrastructure.csproj", "{C2E9AF7A-828D-43B5-8D87-05498C986F77}"
EndProject
Project("{FAE04EC0-301F-11D3-BF4B-00C04F79EFBC}") = "WebAPI", "WetHands.WebAPI\WebAPI.csproj", "{CA53E7F5-110B-44B5-ABF8-2A10F0D25750}"
EndProject
Project("{FAE04EC0-301F-11D3-BF4B-00C04F79EFBC}") = "WetHands.Infrastructure.Database", "WetHands.Infrastructure.Database\WetHands.Infrastructure.Database.csproj", "{4E6854A3-C686-4D0C-AE8E-9DA7E42F76BD}"
EndProject
Project("{FAE04EC0-301F-11D3-BF4B-00C04F79EFBC}") = "WetHands.Infrastructure.Specifications", "WetHands.Infrastructure.Specifications\WetHands.Infrastructure.Specifications.csproj", "{3A38E1C9-4DCA-4A4F-909C-66F77B8B09B9}"
EndProject
Project("{FAE04EC0-301F-11D3-BF4B-00C04F79EFBC}") = "WetHands.Identity", "WetHands.Identity\WetHands.Identity.csproj", "{BD6BBC3D-1AA1-4180-BFE8-4149710C46FA}"
EndProject
Project("{FAE04EC0-301F-11D3-BF4B-00C04F79EFBC}") = "WetHands.Identity.Database", "WetHands.Identity.Database\WetHands.Identity.Database.csproj", "{6AF62801-9194-4DE8-B502-E0896E7A1694}"
EndProject
Project("{FAE04EC0-301F-11D3-BF4B-00C04F79EFBC}") = "WetHands.Email", "WetHands.Email\WetHands.Email.csproj", "{DCD997F8-9FBA-4FD9-9DCD-7CC77502061B}"
EndProject
Project("{FAE04EC0-301F-11D3-BF4B-00C04F79EFBC}") = "WetHands.Infrastructure.Workers", "WetHands.Infrastructure.Workers\WetHands.Infrastructure.Workers.csproj", "{DCE8D946-17BB-423E-845D-137F812D1900}"
EndProject
Project("{FAE04EC0-301F-11D3-BF4B-00C04F79EFBC}") = "WetHands.Auth", "WetHands.Auth\WetHands.Auth.csproj", "{293E7AFC-274E-468E-85D1-9852FE1FAA67}"
EndProject
Global
	GlobalSection(SolutionConfigurationPlatforms) = preSolution
		Debug|Any CPU = Debug|Any CPU
		Debug|x64 = Debug|x64
		Debug|x86 = Debug|x86
		Release|Any CPU = Release|Any CPU
		Release|x64 = Release|x64
		Release|x86 = Release|x86
	EndGlobalSection
	GlobalSection(SolutionProperties) = preSolution
		HideSolutionNode = FALSE
	EndGlobalSection
	GlobalSection(ProjectConfigurationPlatforms) = postSolution
		{A2897500-46F1-4388-A8AD-908323F29C74}.Debug|Any CPU.ActiveCfg = Debug|Any CPU
		{A2897500-46F1-4388-A8AD-908323F29C74}.Debug|Any CPU.Build.0 = Debug|Any CPU
		{A2897500-46F1-4388-A8AD-908323F29C74}.Debug|x64.ActiveCfg = Debug|Any CPU
		{A2897500-46F1-4388-A8AD-908323F29C74}.Debug|x64.Build.0 = Debug|Any CPU
		{A2897500-46F1-4388-A8AD-908323F29C74}.Debug|x86.ActiveCfg = Debug|Any CPU
		{A2897500-46F1-4388-A8AD-908323F29C74}.Debug|x86.Build.0 = Debug|Any CPU
		{A2897500-46F1-4388-A8AD-908323F29C74}.Release|Any CPU.ActiveCfg = Release|Any CPU
		{A2897500-46F1-4388-A8AD-908323F29C74}.Release|Any CPU.Build.0 = Release|Any CPU
		{A2897500-46F1-4388-A8AD-908323F29C74}.Release|x64.ActiveCfg = Release|Any CPU
		{A2897500-46F1-4388-A8AD-908323F29C74}.Release|x64.Build.0 = Release|Any CPU
		{A2897500-46F1-4388-A8AD-908323F29C74}.Release|x86.ActiveCfg = Release|Any CPU
		{A2897500-46F1-4388-A8AD-908323F29C74}.Release|x86.Build.0 = Release|Any CPU
		{C2E9AF7A-828D-43B5-8D87-05498C986F77}.Debug|Any CPU.ActiveCfg = Debug|Any CPU
		{C2E9AF7A-828D-43B5-8D87-05498C986F77}.Debug|Any CPU.Build.0 = Debug|Any CPU
		{C2E9AF7A-828D-43B5-8D87-05498C986F77}.Debug|x64.ActiveCfg = Debug|Any CPU
		{C2E9AF7A-828D-43B5-8D87-05498C986F77}.Debug|x64.Build.0 = Debug|Any CPU
		{C2E9AF7A-828D-43B5-8D87-05498C986F77}.Debug|x86.ActiveCfg = Debug|Any CPU
		{C2E9AF7A-828D-43B5-8D87-05498C986F77}.Debug|x86.Build.0 = Debug|Any CPU
		{C2E9AF7A-828D-43B5-8D87-05498C986F77}.Release|Any CPU.ActiveCfg = Release|Any CPU
		{C2E9AF7A-828D-43B5-8D87-05498C986F77}.Release|Any CPU.Build.0 = Release|Any CPU
		{C2E9AF7A-828D-43B5-8D87-05498C986F77}.Release|x64.ActiveCfg = Release|Any CPU
		{C2E9AF7A-828D-43B5-8D87-05498C986F77}.Release|x64.Build.0 = Release|Any CPU
		{C2E9AF7A-828D-43B5-8D87-05498C986F77}.Release|x86.ActiveCfg = Release|Any CPU
		{C2E9AF7A-828D-43B5-8D87-05498C986F77}.Release|x86.Build.0 = Release|Any CPU
		{CA53E7F5-110B-44B5-ABF8-2A10F0D25750}.Debug|Any CPU.ActiveCfg = Debug|Any CPU
		{CA53E7F5-110B-44B5-ABF8-2A10F0D25750}.Debug|Any CPU.Build.0 = Debug|Any CPU
		{CA53E7F5-110B-44B5-ABF8-2A10F0D25750}.Debug|x64.ActiveCfg = Debug|Any CPU
		{CA53E7F5-110B-44B5-ABF8-2A10F0D25750}.Debug|x64.Build.0 = Debug|Any CPU
		{CA53E7F5-110B-44B5-ABF8-2A10F0D25750}.Debug|x86.ActiveCfg = Debug|Any CPU
		{CA53E7F5-110B-44B5-ABF8-2A10F0D25750}.Debug|x86.Build.0 = Debug|Any CPU
		{CA53E7F5-110B-44B5-ABF8-2A10F0D25750}.Release|Any CPU.ActiveCfg = Release|Any CPU
		{CA53E7F5-110B-44B5-ABF8-2A10F0D25750}.Release|Any CPU.Build.0 = Release|Any CPU
		{CA53E7F5-110B-44B5-ABF8-2A10F0D25750}.Release|x64.ActiveCfg = Release|Any CPU
		{CA53E7F5-110B-44B5-ABF8-2A10F0D25750}.Release|x64.Build.0 = Release|Any CPU
		{CA53E7F5-110B-44B5-ABF8-2A10F0D25750}.Release|x86.ActiveCfg = Release|Any CPU
		{CA53E7F5-110B-44B5-ABF8-2A10F0D25750}.Release|x86.Build.0 = Release|Any CPU
		{CCEC2CC0-F7B0-4C3F-A731-138B57F77062}.Debug|Any CPU.ActiveCfg = Debug|Any CPU
		{CCEC2CC0-F7B0-4C3F-A731-138B57F77062}.Debug|Any CPU.Build.0 = Debug|Any CPU
		{CCEC2CC0-F7B0-4C3F-A731-138B57F77062}.Debug|x64.ActiveCfg = Debug|Any CPU
		{CCEC2CC0-F7B0-4C3F-A731-138B57F77062}.Debug|x64.Build.0 = Debug|Any CPU
		{CCEC2CC0-F7B0-4C3F-A731-138B57F77062}.Debug|x86.ActiveCfg = Debug|Any CPU
		{CCEC2CC0-F7B0-4C3F-A731-138B57F77062}.Debug|x86.Build.0 = Debug|Any CPU
		{CCEC2CC0-F7B0-4C3F-A731-138B57F77062}.Release|Any CPU.ActiveCfg = Release|Any CPU
		{CCEC2CC0-F7B0-4C3F-A731-138B57F77062}.Release|Any CPU.Build.0 = Release|Any CPU
		{CCEC2CC0-F7B0-4C3F-A731-138B57F77062}.Release|x64.ActiveCfg = Release|Any CPU
		{CCEC2CC0-F7B0-4C3F-A731-138B57F77062}.Release|x64.Build.0 = Release|Any CPU
		{CCEC2CC0-F7B0-4C3F-A731-138B57F77062}.Release|x86.ActiveCfg = Release|Any CPU
		{CCEC2CC0-F7B0-4C3F-A731-138B57F77062}.Release|x86.Build.0 = Release|Any CPU
		{11B94425-7D30-4046-AC3A-1CFB34CD13D5}.Debug|Any CPU.ActiveCfg = Debug|Any CPU
		{11B94425-7D30-4046-AC3A-1CFB34CD13D5}.Debug|Any CPU.Build.0 = Debug|Any CPU
		{11B94425-7D30-4046-AC3A-1CFB34CD13D5}.Debug|x64.ActiveCfg = Debug|Any CPU
		{11B94425-7D30-4046-AC3A-1CFB34CD13D5}.Debug|x64.Build.0 = Debug|Any CPU
		{11B94425-7D30-4046-AC3A-1CFB34CD13D5}.Debug|x86.ActiveCfg = Debug|Any CPU
		{11B94425-7D30-4046-AC3A-1CFB34CD13D5}.Debug|x86.Build.0 = Debug|Any CPU
		{11B94425-7D30-4046-AC3A-1CFB34CD13D5}.Release|Any CPU.ActiveCfg = Release|Any CPU
		{11B94425-7D30-4046-AC3A-1CFB34CD13D5}.Release|Any CPU.Build.0 = Release|Any CPU
		{11B94425-7D30-4046-AC3A-1CFB34CD13D5}.Release|x64.ActiveCfg = Release|Any CPU
		{11B94425-7D30-4046-AC3A-1CFB34CD13D5}.Release|x64.Build.0 = Release|Any CPU
		{11B94425-7D30-4046-AC3A-1CFB34CD13D5}.Release|x86.ActiveCfg = Release|Any CPU
		{11B94425-7D30-4046-AC3A-1CFB34CD13D5}.Release|x86.Build.0 = Release|Any CPU
		{4E6854A3-C686-4D0C-AE8E-9DA7E42F76BD}.Debug|Any CPU.ActiveCfg = Debug|Any CPU
		{4E6854A3-C686-4D0C-AE8E-9DA7E42F76BD}.Debug|Any CPU.Build.0 = Debug|Any CPU
		{4E6854A3-C686-4D0C-AE8E-9DA7E42F76BD}.Debug|x64.ActiveCfg = Debug|Any CPU
		{4E6854A3-C686-4D0C-AE8E-9DA7E42F76BD}.Debug|x64.Build.0 = Debug|Any CPU
		{4E6854A3-C686-4D0C-AE8E-9DA7E42F76BD}.Debug|x86.ActiveCfg = Debug|Any CPU
		{4E6854A3-C686-4D0C-AE8E-9DA7E42F76BD}.Debug|x86.Build.0 = Debug|Any CPU
		{4E6854A3-C686-4D0C-AE8E-9DA7E42F76BD}.Release|Any CPU.ActiveCfg = Release|Any CPU
		{4E6854A3-C686-4D0C-AE8E-9DA7E42F76BD}.Release|Any CPU.Build.0 = Release|Any CPU
		{4E6854A3-C686-4D0C-AE8E-9DA7E42F76BD}.Release|x64.ActiveCfg = Release|Any CPU
		{4E6854A3-C686-4D0C-AE8E-9DA7E42F76BD}.Release|x64.Build.0 = Release|Any CPU
		{4E6854A3-C686-4D0C-AE8E-9DA7E42F76BD}.Release|x86.ActiveCfg = Release|Any CPU
		{4E6854A3-C686-4D0C-AE8E-9DA7E42F76BD}.Release|x86.Build.0 = Release|Any CPU
		{3A38E1C9-4DCA-4A4F-909C-66F77B8B09B9}.Debug|Any CPU.ActiveCfg = Debug|Any CPU
		{3A38E1C9-4DCA-4A4F-909C-66F77B8B09B9}.Debug|Any CPU.Build.0 = Debug|Any CPU
		{3A38E1C9-4DCA-4A4F-909C-66F77B8B09B9}.Debug|x64.ActiveCfg = Debug|Any CPU
		{3A38E1C9-4DCA-4A4F-909C-66F77B8B09B9}.Debug|x64.Build.0 = Debug|Any CPU
		{3A38E1C9-4DCA-4A4F-909C-66F77B8B09B9}.Debug|x86.ActiveCfg = Debug|Any CPU
		{3A38E1C9-4DCA-4A4F-909C-66F77B8B09B9}.Debug|x86.Build.0 = Debug|Any CPU
		{3A38E1C9-4DCA-4A4F-909C-66F77B8B09B9}.Release|Any CPU.ActiveCfg = Release|Any CPU
		{3A38E1C9-4DCA-4A4F-909C-66F77B8B09B9}.Release|Any CPU.Build.0 = Release|Any CPU
		{3A38E1C9-4DCA-4A4F-909C-66F77B8B09B9}.Release|x64.ActiveCfg = Release|Any CPU
		{3A38E1C9-4DCA-4A4F-909C-66F77B8B09B9}.Release|x64.Build.0 = Release|Any CPU
		{3A38E1C9-4DCA-4A4F-909C-66F77B8B09B9}.Release|x86.ActiveCfg = Release|Any CPU
		{3A38E1C9-4DCA-4A4F-909C-66F77B8B09B9}.Release|x86.Build.0 = Release|Any CPU
		{838B64BB-27DC-4ED3-B884-1844B4CECB59}.Debug|Any CPU.ActiveCfg = Debug|Any CPU
		{838B64BB-27DC-4ED3-B884-1844B4CECB59}.Debug|Any CPU.Build.0 = Debug|Any CPU
		{838B64BB-27DC-4ED3-B884-1844B4CECB59}.Debug|x64.ActiveCfg = Debug|Any CPU
		{838B64BB-27DC-4ED3-B884-1844B4CECB59}.Debug|x64.Build.0 = Debug|Any CPU
		{838B64BB-27DC-4ED3-B884-1844B4CECB59}.Debug|x86.ActiveCfg = Debug|Any CPU
		{838B64BB-27DC-4ED3-B884-1844B4CECB59}.Debug|x86.Build.0 = Debug|Any CPU
		{838B64BB-27DC-4ED3-B884-1844B4CECB59}.Release|Any CPU.ActiveCfg = Release|Any CPU
		{838B64BB-27DC-4ED3-B884-1844B4CECB59}.Release|Any CPU.Build.0 = Release|Any CPU
		{838B64BB-27DC-4ED3-B884-1844B4CECB59}.Release|x64.ActiveCfg = Release|Any CPU
		{838B64BB-27DC-4ED3-B884-1844B4CECB59}.Release|x64.Build.0 = Release|Any CPU
		{838B64BB-27DC-4ED3-B884-1844B4CECB59}.Release|x86.ActiveCfg = Release|Any CPU
		{838B64BB-27DC-4ED3-B884-1844B4CECB59}.Release|x86.Build.0 = Release|Any CPU
		{BD6BBC3D-1AA1-4180-BFE8-4149710C46FA}.Debug|Any CPU.ActiveCfg = Debug|Any CPU
		{BD6BBC3D-1AA1-4180-BFE8-4149710C46FA}.Debug|Any CPU.Build.0 = Debug|Any CPU
		{BD6BBC3D-1AA1-4180-BFE8-4149710C46FA}.Debug|x64.ActiveCfg = Debug|Any CPU
		{BD6BBC3D-1AA1-4180-BFE8-4149710C46FA}.Debug|x64.Build.0 = Debug|Any CPU
		{BD6BBC3D-1AA1-4180-BFE8-4149710C46FA}.Debug|x86.ActiveCfg = Debug|Any CPU
		{BD6BBC3D-1AA1-4180-BFE8-4149710C46FA}.Debug|x86.Build.0 = Debug|Any CPU
		{BD6BBC3D-1AA1-4180-BFE8-4149710C46FA}.Release|Any CPU.ActiveCfg = Release|Any CPU
		{BD6BBC3D-1AA1-4180-BFE8-4149710C46FA}.Release|Any CPU.Build.0 = Release|Any CPU
		{BD6BBC3D-1AA1-4180-BFE8-4149710C46FA}.Release|x64.ActiveCfg = Release|Any CPU
		{BD6BBC3D-1AA1-4180-BFE8-4149710C46FA}.Release|x64.Build.0 = Release|Any CPU
		{BD6BBC3D-1AA1-4180-BFE8-4149710C46FA}.Release|x86.ActiveCfg = Release|Any CPU
		{BD6BBC3D-1AA1-4180-BFE8-4149710C46FA}.Release|x86.Build.0 = Release|Any CPU
		{6AF62801-9194-4DE8-B502-E0896E7A1694}.Debug|Any CPU.ActiveCfg = Debug|Any CPU
		{6AF62801-9194-4DE8-B502-E0896E7A1694}.Debug|Any CPU.Build.0 = Debug|Any CPU
		{6AF62801-9194-4DE8-B502-E0896E7A1694}.Debug|x64.ActiveCfg = Debug|Any CPU
		{6AF62801-9194-4DE8-B502-E0896E7A1694}.Debug|x64.Build.0 = Debug|Any CPU
		{6AF62801-9194-4DE8-B502-E0896E7A1694}.Debug|x86.ActiveCfg = Debug|Any CPU
		{6AF62801-9194-4DE8-B502-E0896E7A1694}.Debug|x86.Build.0 = Debug|Any CPU
		{6AF62801-9194-4DE8-B502-E0896E7A1694}.Release|Any CPU.ActiveCfg = Release|Any CPU
		{6AF62801-9194-4DE8-B502-E0896E7A1694}.Release|Any CPU.Build.0 = Release|Any CPU
		{6AF62801-9194-4DE8-B502-E0896E7A1694}.Release|x64.ActiveCfg = Release|Any CPU
		{6AF62801-9194-4DE8-B502-E0896E7A1694}.Release|x64.Build.0 = Release|Any CPU
		{6AF62801-9194-4DE8-B502-E0896E7A1694}.Release|x86.ActiveCfg = Release|Any CPU
		{6AF62801-9194-4DE8-B502-E0896E7A1694}.Release|x86.Build.0 = Release|Any CPU
		{867D0E68-68E0-41F4-A48C-CCFFAC6D8F7B}.Debug|Any CPU.ActiveCfg = Debug|Any CPU
		{867D0E68-68E0-41F4-A48C-CCFFAC6D8F7B}.Debug|Any CPU.Build.0 = Debug|Any CPU
		{867D0E68-68E0-41F4-A48C-CCFFAC6D8F7B}.Debug|x64.ActiveCfg = Debug|Any CPU
		{867D0E68-68E0-41F4-A48C-CCFFAC6D8F7B}.Debug|x64.Build.0 = Debug|Any CPU
		{867D0E68-68E0-41F4-A48C-CCFFAC6D8F7B}.Debug|x86.ActiveCfg = Debug|Any CPU
		{867D0E68-68E0-41F4-A48C-CCFFAC6D8F7B}.Debug|x86.Build.0 = Debug|Any CPU
		{867D0E68-68E0-41F4-A48C-CCFFAC6D8F7B}.Release|Any CPU.ActiveCfg = Release|Any CPU
		{867D0E68-68E0-41F4-A48C-CCFFAC6D8F7B}.Release|Any CPU.Build.0 = Release|Any CPU
		{867D0E68-68E0-41F4-A48C-CCFFAC6D8F7B}.Release|x64.ActiveCfg = Release|Any CPU
		{867D0E68-68E0-41F4-A48C-CCFFAC6D8F7B}.Release|x64.Build.0 = Release|Any CPU
		{867D0E68-68E0-41F4-A48C-CCFFAC6D8F7B}.Release|x86.ActiveCfg = Release|Any CPU
		{867D0E68-68E0-41F4-A48C-CCFFAC6D8F7B}.Release|x86.Build.0 = Release|Any CPU
		{FF5AE7C6-C59A-46B1-882E-920653A5EAE1}.Debug|Any CPU.ActiveCfg = Debug|Any CPU
		{FF5AE7C6-C59A-46B1-882E-920653A5EAE1}.Debug|Any CPU.Build.0 = Debug|Any CPU
		{FF5AE7C6-C59A-46B1-882E-920653A5EAE1}.Debug|x64.ActiveCfg = Debug|Any CPU
		{FF5AE7C6-C59A-46B1-882E-920653A5EAE1}.Debug|x64.Build.0 = Debug|Any CPU
		{FF5AE7C6-C59A-46B1-882E-920653A5EAE1}.Debug|x86.ActiveCfg = Debug|Any CPU
		{FF5AE7C6-C59A-46B1-882E-920653A5EAE1}.Debug|x86.Build.0 = Debug|Any CPU
		{FF5AE7C6-C59A-46B1-882E-920653A5EAE1}.Release|Any CPU.ActiveCfg = Release|Any CPU
		{FF5AE7C6-C59A-46B1-882E-920653A5EAE1}.Release|Any CPU.Build.0 = Release|Any CPU
		{FF5AE7C6-C59A-46B1-882E-920653A5EAE1}.Release|x64.ActiveCfg = Release|Any CPU
		{FF5AE7C6-C59A-46B1-882E-920653A5EAE1}.Release|x64.Build.0 = Release|Any CPU
		{FF5AE7C6-C59A-46B1-882E-920653A5EAE1}.Release|x86.ActiveCfg = Release|Any CPU
		{FF5AE7C6-C59A-46B1-882E-920653A5EAE1}.Release|x86.Build.0 = Release|Any CPU
		{03FABA45-0535-40A4-85B1-D4BAE2108455}.Debug|Any CPU.ActiveCfg = Debug|Any CPU
		{03FABA45-0535-40A4-85B1-D4BAE2108455}.Debug|Any CPU.Build.0 = Debug|Any CPU
		{03FABA45-0535-40A4-85B1-D4BAE2108455}.Debug|x64.ActiveCfg = Debug|Any CPU
		{03FABA45-0535-40A4-85B1-D4BAE2108455}.Debug|x64.Build.0 = Debug|Any CPU
		{03FABA45-0535-40A4-85B1-D4BAE2108455}.Debug|x86.ActiveCfg = Debug|Any CPU
		{03FABA45-0535-40A4-85B1-D4BAE2108455}.Debug|x86.Build.0 = Debug|Any CPU
		{03FABA45-0535-40A4-85B1-D4BAE2108455}.Release|Any CPU.ActiveCfg = Release|Any CPU
		{03FABA45-0535-40A4-85B1-D4BAE2108455}.Release|Any CPU.Build.0 = Release|Any CPU
		{03FABA45-0535-40A4-85B1-D4BAE2108455}.Release|x64.ActiveCfg = Release|Any CPU
		{03FABA45-0535-40A4-85B1-D4BAE2108455}.Release|x64.Build.0 = Release|Any CPU
		{03FABA45-0535-40A4-85B1-D4BAE2108455}.Release|x86.ActiveCfg = Release|Any CPU
		{03FABA45-0535-40A4-85B1-D4BAE2108455}.Release|x86.Build.0 = Release|Any CPU
		{062FFBB3-B22A-4A56-B879-7CA17637265F}.Debug|Any CPU.ActiveCfg = Debug|Any CPU
		{062FFBB3-B22A-4A56-B879-7CA17637265F}.Debug|Any CPU.Build.0 = Debug|Any CPU
		{062FFBB3-B22A-4A56-B879-7CA17637265F}.Debug|x64.ActiveCfg = Debug|Any CPU
		{062FFBB3-B22A-4A56-B879-7CA17637265F}.Debug|x64.Build.0 = Debug|Any CPU
		{062FFBB3-B22A-4A56-B879-7CA17637265F}.Debug|x86.ActiveCfg = Debug|Any CPU
		{062FFBB3-B22A-4A56-B879-7CA17637265F}.Debug|x86.Build.0 = Debug|Any CPU
		{062FFBB3-B22A-4A56-B879-7CA17637265F}.Release|Any CPU.ActiveCfg = Release|Any CPU
		{062FFBB3-B22A-4A56-B879-7CA17637265F}.Release|Any CPU.Build.0 = Release|Any CPU
		{062FFBB3-B22A-4A56-B879-7CA17637265F}.Release|x64.ActiveCfg = Release|Any CPU
		{062FFBB3-B22A-4A56-B879-7CA17637265F}.Release|x64.Build.0 = Release|Any CPU
		{062FFBB3-B22A-4A56-B879-7CA17637265F}.Release|x86.ActiveCfg = Release|Any CPU
		{062FFBB3-B22A-4A56-B879-7CA17637265F}.Release|x86.Build.0 = Release|Any CPU
		{90863C99-3780-4FEA-811E-782BA4BC48BB}.Debug|Any CPU.ActiveCfg = Debug|Any CPU
		{90863C99-3780-4FEA-811E-782BA4BC48BB}.Debug|Any CPU.Build.0 = Debug|Any CPU
		{90863C99-3780-4FEA-811E-782BA4BC48BB}.Debug|x64.ActiveCfg = Debug|Any CPU
		{90863C99-3780-4FEA-811E-782BA4BC48BB}.Debug|x64.Build.0 = Debug|Any CPU
		{90863C99-3780-4FEA-811E-782BA4BC48BB}.Debug|x86.ActiveCfg = Debug|Any CPU
		{90863C99-3780-4FEA-811E-782BA4BC48BB}.Debug|x86.Build.0 = Debug|Any CPU
		{90863C99-3780-4FEA-811E-782BA4BC48BB}.Release|Any CPU.ActiveCfg = Release|Any CPU
		{90863C99-3780-4FEA-811E-782BA4BC48BB}.Release|Any CPU.Build.0 = Release|Any CPU
		{90863C99-3780-4FEA-811E-782BA4BC48BB}.Release|x64.ActiveCfg = Release|Any CPU
		{90863C99-3780-4FEA-811E-782BA4BC48BB}.Release|x64.Build.0 = Release|Any CPU
		{90863C99-3780-4FEA-811E-782BA4BC48BB}.Release|x86.ActiveCfg = Release|Any CPU
		{90863C99-3780-4FEA-811E-782BA4BC48BB}.Release|x86.Build.0 = Release|Any CPU
		{DCD997F8-9FBA-4FD9-9DCD-7CC77502061B}.Debug|Any CPU.ActiveCfg = Debug|Any CPU
		{DCD997F8-9FBA-4FD9-9DCD-7CC77502061B}.Debug|Any CPU.Build.0 = Debug|Any CPU
		{DCD997F8-9FBA-4FD9-9DCD-7CC77502061B}.Debug|x64.ActiveCfg = Debug|Any CPU
		{DCD997F8-9FBA-4FD9-9DCD-7CC77502061B}.Debug|x64.Build.0 = Debug|Any CPU
		{DCD997F8-9FBA-4FD9-9DCD-7CC77502061B}.Debug|x86.ActiveCfg = Debug|Any CPU
		{DCD997F8-9FBA-4FD9-9DCD-7CC77502061B}.Debug|x86.Build.0 = Debug|Any CPU
		{DCD997F8-9FBA-4FD9-9DCD-7CC77502061B}.Release|Any CPU.ActiveCfg = Release|Any CPU
		{DCD997F8-9FBA-4FD9-9DCD-7CC77502061B}.Release|Any CPU.Build.0 = Release|Any CPU
		{DCD997F8-9FBA-4FD9-9DCD-7CC77502061B}.Release|x64.ActiveCfg = Release|Any CPU
		{DCD997F8-9FBA-4FD9-9DCD-7CC77502061B}.Release|x64.Build.0 = Release|Any CPU
		{DCD997F8-9FBA-4FD9-9DCD-7CC77502061B}.Release|x86.ActiveCfg = Release|Any CPU
		{DCD997F8-9FBA-4FD9-9DCD-7CC77502061B}.Release|x86.Build.0 = Release|Any CPU
		{5BF50F14-BB33-4D98-8C0A-DACE42888966}.Debug|Any CPU.ActiveCfg = Debug|Any CPU
		{5BF50F14-BB33-4D98-8C0A-DACE42888966}.Debug|Any CPU.Build.0 = Debug|Any CPU
		{5BF50F14-BB33-4D98-8C0A-DACE42888966}.Debug|x64.ActiveCfg = Debug|Any CPU
		{5BF50F14-BB33-4D98-8C0A-DACE42888966}.Debug|x64.Build.0 = Debug|Any CPU
		{5BF50F14-BB33-4D98-8C0A-DACE42888966}.Debug|x86.ActiveCfg = Debug|Any CPU
		{5BF50F14-BB33-4D98-8C0A-DACE42888966}.Debug|x86.Build.0 = Debug|Any CPU
		{5BF50F14-BB33-4D98-8C0A-DACE42888966}.Release|Any CPU.ActiveCfg = Release|Any CPU
		{5BF50F14-BB33-4D98-8C0A-DACE42888966}.Release|Any CPU.Build.0 = Release|Any CPU
		{5BF50F14-BB33-4D98-8C0A-DACE42888966}.Release|x64.ActiveCfg = Release|Any CPU
		{5BF50F14-BB33-4D98-8C0A-DACE42888966}.Release|x64.Build.0 = Release|Any CPU
		{5BF50F14-BB33-4D98-8C0A-DACE42888966}.Release|x86.ActiveCfg = Release|Any CPU
		{5BF50F14-BB33-4D98-8C0A-DACE42888966}.Release|x86.Build.0 = Release|Any CPU
		{1A5C424E-4625-44BF-AE5D-891EAA0CDC1A}.Debug|Any CPU.ActiveCfg = Debug|Any CPU
		{1A5C424E-4625-44BF-AE5D-891EAA0CDC1A}.Debug|Any CPU.Build.0 = Debug|Any CPU
		{1A5C424E-4625-44BF-AE5D-891EAA0CDC1A}.Debug|x64.ActiveCfg = Debug|Any CPU
		{1A5C424E-4625-44BF-AE5D-891EAA0CDC1A}.Debug|x64.Build.0 = Debug|Any CPU
		{1A5C424E-4625-44BF-AE5D-891EAA0CDC1A}.Debug|x86.ActiveCfg = Debug|Any CPU
		{1A5C424E-4625-44BF-AE5D-891EAA0CDC1A}.Debug|x86.Build.0 = Debug|Any CPU
		{1A5C424E-4625-44BF-AE5D-891EAA0CDC1A}.Release|Any CPU.ActiveCfg = Release|Any CPU
		{1A5C424E-4625-44BF-AE5D-891EAA0CDC1A}.Release|Any CPU.Build.0 = Release|Any CPU
		{1A5C424E-4625-44BF-AE5D-891EAA0CDC1A}.Release|x64.ActiveCfg = Release|Any CPU
		{1A5C424E-4625-44BF-AE5D-891EAA0CDC1A}.Release|x64.Build.0 = Release|Any CPU
		{1A5C424E-4625-44BF-AE5D-891EAA0CDC1A}.Release|x86.ActiveCfg = Release|Any CPU
		{1A5C424E-4625-44BF-AE5D-891EAA0CDC1A}.Release|x86.Build.0 = Release|Any CPU
		{DCE8D946-17BB-423E-845D-137F812D1900}.Debug|Any CPU.ActiveCfg = Debug|Any CPU
		{DCE8D946-17BB-423E-845D-137F812D1900}.Debug|Any CPU.Build.0 = Debug|Any CPU
		{DCE8D946-17BB-423E-845D-137F812D1900}.Debug|x64.ActiveCfg = Debug|Any CPU
		{DCE8D946-17BB-423E-845D-137F812D1900}.Debug|x64.Build.0 = Debug|Any CPU
		{DCE8D946-17BB-423E-845D-137F812D1900}.Debug|x86.ActiveCfg = Debug|Any CPU
		{DCE8D946-17BB-423E-845D-137F812D1900}.Debug|x86.Build.0 = Debug|Any CPU
		{DCE8D946-17BB-423E-845D-137F812D1900}.Release|Any CPU.ActiveCfg = Release|Any CPU
		{DCE8D946-17BB-423E-845D-137F812D1900}.Release|Any CPU.Build.0 = Release|Any CPU
		{DCE8D946-17BB-423E-845D-137F812D1900}.Release|x64.ActiveCfg = Release|Any CPU
		{DCE8D946-17BB-423E-845D-137F812D1900}.Release|x64.Build.0 = Release|Any CPU
		{DCE8D946-17BB-423E-845D-137F812D1900}.Release|x86.ActiveCfg = Release|Any CPU
		{DCE8D946-17BB-423E-845D-137F812D1900}.Release|x86.Build.0 = Release|Any CPU
		{293E7AFC-274E-468E-85D1-9852FE1FAA67}.Debug|Any CPU.ActiveCfg = Debug|Any CPU
		{293E7AFC-274E-468E-85D1-9852FE1FAA67}.Debug|Any CPU.Build.0 = Debug|Any CPU
		{293E7AFC-274E-468E-85D1-9852FE1FAA67}.Debug|x64.ActiveCfg = Debug|Any CPU
		{293E7AFC-274E-468E-85D1-9852FE1FAA67}.Debug|x64.Build.0 = Debug|Any CPU
		{293E7AFC-274E-468E-85D1-9852FE1FAA67}.Debug|x86.ActiveCfg = Debug|Any CPU
		{293E7AFC-274E-468E-85D1-9852FE1FAA67}.Debug|x86.Build.0 = Debug|Any CPU
		{293E7AFC-274E-468E-85D1-9852FE1FAA67}.Release|Any CPU.ActiveCfg = Release|Any CPU
		{293E7AFC-274E-468E-85D1-9852FE1FAA67}.Release|Any CPU.Build.0 = Release|Any CPU
		{293E7AFC-274E-468E-85D1-9852FE1FAA67}.Release|x64.ActiveCfg = Release|Any CPU
		{293E7AFC-274E-468E-85D1-9852FE1FAA67}.Release|x64.Build.0 = Release|Any CPU
		{293E7AFC-274E-468E-85D1-9852FE1FAA67}.Release|x86.ActiveCfg = Release|Any CPU
		{293E7AFC-274E-468E-85D1-9852FE1FAA67}.Release|x86.Build.0 = Release|Any CPU
	EndGlobalSection
EndGlobal
